
Microsoft Visual Studio Solution File, Format Version 12.00
# Visual Studio Version 16
VisualStudioVersion = 16.0.29911.84
MinimumVisualStudioVersion = 10.0.40219.1
Project("{FAE04EC0-301F-11D3-BF4B-00C04F79EFBC}") = "MOH_Task_2020", "MOH_Task_2020\MOH_Task_2020.csproj", "{D53A2485-F561-4E92-A777-F87FB432F044}"
EndProject
Project("{FAE04EC0-301F-11D3-BF4B-00C04F79EFBC}") = "MOH.Common", "MOH.Common\MOH.Common.csproj", "{CF6958C9-9255-41A7-9DEA-C69E352DC211}"
EndProject
Global
	GlobalSection(SolutionConfigurationPlatforms) = preSolution
		Debug|Any CPU = Debug|Any CPU
		Release|Any CPU = Release|Any CPU
	EndGlobalSection
	GlobalSection(ProjectConfigurationPlatforms) = postSolution
		{D53A2485-F561-4E92-A777-F87FB432F044}.Debug|Any CPU.ActiveCfg = Debug|Any CPU
		{D53A2485-F561-4E92-A777-F87FB432F044}.Debug|Any CPU.Build.0 = Debug|Any CPU
		{D53A2485-F561-4E92-A777-F87FB432F044}.Release|Any CPU.ActiveCfg = Release|Any CPU
		{D53A2485-F561-4E92-A777-F87FB432F044}.Release|Any CPU.Build.0 = Release|Any CPU
		{CF6958C9-9255-41A7-9DEA-C69E352DC211}.Debug|Any CPU.ActiveCfg = Debug|Any CPU
		{CF6958C9-9255-41A7-9DEA-C69E352DC211}.Debug|Any CPU.Build.0 = Debug|Any CPU
		{CF6958C9-9255-41A7-9DEA-C69E352DC211}.Release|Any CPU.ActiveCfg = Release|Any CPU
		{CF6958C9-9255-41A7-9DEA-C69E352DC211}.Release|Any CPU.Build.0 = Release|Any CPU
	EndGlobalSection
	GlobalSection(SolutionProperties) = preSolution
		HideSolutionNode = FALSE
	EndGlobalSection
	GlobalSection(ExtensibilityGlobals) = postSolution
		SolutionGuid = {9062089C-4C6C-4ED5-81C8-EC11EE96D6B9}
	EndGlobalSection
EndGlobal
